{
  "lockfileVersion": 1,
  "configVersion": 1,
  "workspaces": {
    "": {
      "dependencies": {
        "acorn": "^8.17.0",
        "esbuild": "^0.28.2",
        "jsdom": "^29.1.1",
      },
    },
  },
  "packages": {
    "@asamuzakjp/css-color": ["@asamuzakjp/css-color@5.1.11", "https://europe-west4-npm.pkg.dev/lovable-core-prod/sandbox-npm-cache/@asamuzakjp/css-color/-/css-color-5.1.11.tgz", { "dependencies": { "@asamuzakjp/generational-cache": "^1.0.1", "@csstools/css-calc": "^3.2.0", "@csstools/css-color-parser": "^4.1.0", "@csstools/css-parser-algorithms": "^4.0.0", "@csstools/css-tokenizer": "^4.0.0" } }, "sha512-KVw6qIiCTUQhByfTd78h2yD1/00waTmm9uy/R7Ck/ctUyAPj+AEDLkQIdJW0T8+qGgj3j5bpNKK7Q3G+LedJWg=="],

    "@asamuzakjp/dom-selector": ["@asamuzakjp/dom-selector@7.1.1", "https://europe-west4-npm.pkg.dev/lovable-core-prod/sandbox-npm-cache/@asamuzakjp/dom-selector/-/dom-selector-7.1.1.tgz", { "dependencies": { "@asamuzakjp/generational-cache": "^1.0.1", "@asamuzakjp/nwsapi": "^2.3.9", "bidi-js": "^1.0.3", "css-tree": "^3.2.1", "is-potential-custom-element-name": "^1.0.1" } }, "sha512-67RZDnYRc8H/8MLDgQCDE//zoqVFwajkepHZgmXrbwybzXOEwOWGPYGmALYl9J2DOLfFPPs6kKCqmbzV895hTQ=="],

    "@asamuzakjp/generational-cache": ["@asamuzakjp/generational-cache@1.0.1", "https://europe-west4-npm.pkg.dev/lovable-core-prod/sandbox-npm-cache/@asamuzakjp/generational-cache/-/generational-cache-1.0.1.tgz", {}, "sha512-wajfB8KqzMCN2KGNFdLkReeHncd0AslUSrvHVvvYWuU8ghncRJoA50kT3zP9MVL0+9g4/67H+cdvBskj9THPzg=="],

    "@asamuzakjp/nwsapi": ["@asamuzakjp/nwsapi@2.3.9", "https://europe-west4-npm.pkg.dev/lovable-core-prod/sandbox-npm-cache/@asamuzakjp/nwsapi/-/nwsapi-2.3.9.tgz", {}, "sha512-n8GuYSrI9bF7FFZ/SjhwevlHc8xaVlb/7HmHelnc/PZXBD2ZR49NnN9sMMuDdEGPeeRQ5d0hqlSlEpgCX3Wl0Q=="],

    "@bramus/specificity": ["@bramus/specificity@2.4.2", "https://europe-west4-npm.pkg.dev/lovable-core-prod/sandbox-npm-cache/@bramus/specificity/-/specificity-2.4.2.tgz", { "dependencies": { "css-tree": "^3.0.0" }, "bin": { "specificity": "bin/cli.js" } }, "sha512-ctxtJ/eA+t+6q2++vj5j7FYX3nRu311q1wfYH3xjlLOsczhlhxAg2FWNUXhpGvAw3BWo1xBcvOV6/YLc2r5FJw=="],

    "@csstools/color-helpers": ["@csstools/color-helpers@6.1.0", "https://europe-west4-npm.pkg.dev/lovable-core-prod/sandbox-npm-cache/@csstools/color-helpers/-/color-helpers-6.1.0.tgz", {}, "sha512-064IFJdjTfUqnjpCVpMOdbr8FLQBhinbZj6yRv2An2E41O/pLEXqfFRWqGq/SxlE5PEUYTlvWsG2r8MswAVvkg=="],

    "@csstools/css-calc": ["@csstools/css-calc@3.3.0", "https://europe-west4-npm.pkg.dev/lovable-core-prod/sandbox-npm-cache/@csstools/css-calc/-/css-calc-3.3.0.tgz", { "peerDependencies": { "@csstools/css-parser-algorithms": "^4.0.0", "@csstools/css-tokenizer": "^4.0.0" } }, "sha512-c5ihYsPkdG6JCkU2zTMm4+k6r7RXuGxtWYhu5DHMIiF1FHzrfmHL5so11AoFpUv/tu61xfcmT4AmKoFfMPoqdQ=="],

    "@csstools/css-color-parser": ["@csstools/css-color-parser@4.1.10", "https://europe-west4-npm.pkg.dev/lovable-core-prod/sandbox-npm-cache/@csstools/css-color-parser/-/css-color-parser-4.1.10.tgz", { "dependencies": { "@csstools/color-helpers": "^6.1.0", "@csstools/css-calc": "^3.3.0" }, "peerDependencies": { "@csstools/css-parser-algorithms": "^4.0.0", "@csstools/css-tokenizer": "^4.0.0" } }, "sha512-UZhQLIUyJaaMepqehrCODwCg2KW25vFvLWBmqYFaPclYvvxzj/sG8LBOhBFCp11i9uE7t1EyS+RAoV9tztPFyw=="],

    "@csstools/css-parser-algorithms": ["@csstools/css-parser-algorithms@4.0.0", "https://europe-west4-npm.pkg.dev/lovable-core-prod/sandbox-npm-cache/@csstools/css-parser-algorithms/-/css-parser-algorithms-4.0.0.tgz", { "peerDependencies": { "@csstools/css-tokenizer": "^4.0.0" } }, "sha512-+B87qS7fIG3L5h3qwJ/IFbjoVoOe/bpOdh9hAjXbvx0o8ImEmUsGXN0inFOnk2ChCFgqkkGFQ+TpM5rbhkKe4w=="],

    "@csstools/css-syntax-patches-for-csstree": ["@csstools/css-syntax-patches-for-csstree@1.1.7", "https://europe-west4-npm.pkg.dev/lovable-core-prod/sandbox-npm-cache/@csstools/css-syntax-patches-for-csstree/-/css-syntax-patches-for-csstree-1.1.7.tgz", { "peerDependencies": { "css-tree": "^3.2.1" }, "optionalPeers": ["css-tree"] }, "sha512-fQ+05118eQS1cofO3aJpB5efgpBZMvIzwr/sbC8kDLVA5XLG8q1kJV5yzrUAI1f7lvhPnm8fgIjzFB8/O/5Dig=="],

    "@csstools/css-tokenizer": ["@csstools/css-tokenizer@4.0.0", "https://europe-west4-npm.pkg.dev/lovable-core-prod/sandbox-npm-cache/@csstools/css-tokenizer/-/css-tokenizer-4.0.0.tgz", {}, "sha512-QxULHAm7cNu72w97JUNCBFODFaXpbDg+dP8b/oWFAZ2MTRppA3U00Y2L1HqaS4J6yBqxwa/Y3nMBaxVKbB/NsA=="],

    "@esbuild/aix-ppc64": ["@esbuild/aix-ppc64@0.28.2", "https://europe-west4-npm.pkg.dev/lovable-core-prod/sandbox-npm-cache/@esbuild/aix-ppc64/-/aix-ppc64-0.28.2.tgz", { "os": "aix", "cpu": "ppc64" }, "sha512-XExcO+dvLKvVtNTibSTBej1NCAbaGhWn9Ww1ZPx80qsahhPFe/8jgWP0IchNe0F3HwkU7n8ejhH8bjonqht8mQ=="],

    "@esbuild/android-arm": ["@esbuild/android-arm@0.28.2", "https://europe-west4-npm.pkg.dev/lovable-core-prod/sandbox-npm-cache/@esbuild/android-arm/-/android-arm-0.28.2.tgz", { "os": "android", "cpu": "arm" }, "sha512-kXXoiPVVGQcnIYGOeaovwOURpniDBpSq4A03qkQ+BMQqtGG6HYap3xne9C1O1yo4TR3qxlCX5IqqmX6fFo2Lqg=="],

    "@esbuild/android-arm64": ["@esbuild/android-arm64@0.28.2", "https://europe-west4-npm.pkg.dev/lovable-core-prod/sandbox-npm-cache/@esbuild/android-arm64/-/android-arm64-0.28.2.tgz", { "os": "android", "cpu": "arm64" }, "sha512-5YfKeeI8qWfBZIX+u2xZC3Zlb3Os/gLS2sbEKM+I4ZOcsWmHS2WLysCcQZDAFRslDUU5Oiq44gf6PYN1vGwG5A=="],

    "@esbuild/android-x64": ["@esbuild/android-x64@0.28.2", "https://europe-west4-npm.pkg.dev/lovable-core-prod/sandbox-npm-cache/@esbuild/android-x64/-/android-x64-0.28.2.tgz", { "os": "android", "cpu": "x64" }, "sha512-O387ite7SzUyCcy3JQX4P4bLtEA7bLLkx+esve5JHnyYfNTxcVpXZo9jhdB0lTKN44gztELTdU7nS8Nr16Fs1Q=="],

    "@esbuild/darwin-arm64": ["@esbuild/darwin-arm64@0.28.2", "https://europe-west4-npm.pkg.dev/lovable-core-prod/sandbox-npm-cache/@esbuild/darwin-arm64/-/darwin-arm64-0.28.2.tgz", { "os": "darwin", "cpu": "arm64" }, "sha512-n4KqkOQrraxHJcgjM1RvwbigfQKIKJVpM7xp+KsxiyUSrRdIXnt73VhrPAx0fV44hgfmIVKjxMN9J1t5jySVkw=="],

    "@esbuild/darwin-x64": ["@esbuild/darwin-x64@0.28.2", "https://europe-west4-npm.pkg.dev/lovable-core-prod/sandbox-npm-cache/@esbuild/darwin-x64/-/darwin-x64-0.28.2.tgz", { "os": "darwin", "cpu": "x64" }, "sha512-uq6suIWYP37qzGddBKPw5QEQPi6HiLGsO7UmkpfyaYNQ3D+rN6w6WfwH+nuqcGXWvawGwxOEroO4YGnFh95azw=="],

    "@esbuild/freebsd-arm64": ["@esbuild/freebsd-arm64@0.28.2", "https://europe-west4-npm.pkg.dev/lovable-core-prod/sandbox-npm-cache/@esbuild/freebsd-arm64/-/freebsd-arm64-0.28.2.tgz", { "os": "freebsd", "cpu": "arm64" }, "sha512-n+I0BTSRIoy+d6RPKnEVwql5UwBJolytvY4mAOIEJorKlqgPII8ix6slVVrfZ5Tnj7glIZvloylbB/EJPMWEXw=="],

    "@esbuild/freebsd-x64": ["@esbuild/freebsd-x64@0.28.2", "https://europe-west4-npm.pkg.dev/lovable-core-prod/sandbox-npm-cache/@esbuild/freebsd-x64/-/freebsd-x64-0.28.2.tgz", { "os": "freebsd", "cpu": "x64" }, "sha512-78XJTJkvPs0kz2w61301PJjXl4g7q3JqiYMZ/M/yVI73EHBrCRTgkhu9oqG7vPqq+a/yadEW8aD+agKlk5xrmg=="],

    "@esbuild/linux-arm": ["@esbuild/linux-arm@0.28.2", "https://europe-west4-npm.pkg.dev/lovable-core-prod/sandbox-npm-cache/@esbuild/linux-arm/-/linux-arm-0.28.2.tgz", { "os": "linux", "cpu": "arm" }, "sha512-XlDnu2q5yoqems+xay6wSAcg9DDD7K9RLKZEBOMZm3ckNpJBvOX20tSfby8KfrrhINDyv9V2YVZKY/SpoGJI8w=="],

    "@esbuild/linux-arm64": ["@esbuild/linux-arm64@0.28.2", "https://europe-west4-npm.pkg.dev/lovable-core-prod/sandbox-npm-cache/@esbuild/linux-arm64/-/linux-arm64-0.28.2.tgz", { "os": "linux", "cpu": "arm64" }, "sha512-pW4AC0P3it8c7do9MVM4p51FzHzdM/TZrerurgRcHJ2WTa1VQ1CIq18xncfpBJw4ojkiZZrKW2yIBWBP92j6Ug=="],

    "@esbuild/linux-ia32": ["@esbuild/linux-ia32@0.28.2", "https://europe-west4-npm.pkg.dev/lovable-core-prod/sandbox-npm-cache/@esbuild/linux-ia32/-/linux-ia32-0.28.2.tgz", { "os": "linux", "cpu": "ia32" }, "sha512-CYbnj78HsIeA+DhgUKgFCfvNsTHFhMMrinUrMZpDXJXKN8T3XViTZ/+wtHeVxEWY8ewSzTFN+nRmSwO2tZaLUQ=="],

    "@esbuild/linux-loong64": ["@esbuild/linux-loong64@0.28.2", "https://europe-west4-npm.pkg.dev/lovable-core-prod/sandbox-npm-cache/@esbuild/linux-loong64/-/linux-loong64-0.28.2.tgz", { "os": "linux", "cpu": "none" }, "sha512-buwkd8nsph4R+ajRvw0qM5Hja/TXQow3ptzWO2EbG/cqcIkHloRrdlBtQlshyYGTNFvfkfJ5tpPLVkY4DtsPfQ=="],

    "@esbuild/linux-mips64el": ["@esbuild/linux-mips64el@0.28.2", "https://europe-west4-npm.pkg.dev/lovable-core-prod/sandbox-npm-cache/@esbuild/linux-mips64el/-/linux-mips64el-0.28.2.tgz", { "os": "linux", "cpu": "none" }, "sha512-ZVykbDyk7519VwiNb9Lcj9m8XM6v5V9uKPvrEMkkEedVewf+0itkhahp4HDpgERXhwLRpWFypsGbG/J8s0QjJA=="],

    "@esbuild/linux-ppc64": ["@esbuild/linux-ppc64@0.28.2", "https://europe-west4-npm.pkg.dev/lovable-core-prod/sandbox-npm-cache/@esbuild/linux-ppc64/-/linux-ppc64-0.28.2.tgz", { "os": "linux", "cpu": "ppc64" }, "sha512-CAXl+Dtd9UUuJd8pKKdwh6MLm3MUMiqMPmhZ3tTSXPqfyQ3vDl6R5hZdZ/kYojK4ofXtdfSv1tFq8XzWx3heNQ=="],

    "@esbuild/linux-riscv64": ["@esbuild/linux-riscv64@0.28.2", "https://europe-west4-npm.pkg.dev/lovable-core-prod/sandbox-npm-cache/@esbuild/linux-riscv64/-/linux-riscv64-0.28.2.tgz", { "os": "linux", "cpu": "none" }, "sha512-GeXCej4IQtU1B+QlDV8W/RRvbzI3O/Stss+/bCXv4lZls5WGRtu2a+3JkA3i4qIUlMXpcHebWpF8AkJhATowuA=="],

    "@esbuild/linux-s390x": ["@esbuild/linux-s390x@0.28.2", "https://europe-west4-npm.pkg.dev/lovable-core-prod/sandbox-npm-cache/@esbuild/linux-s390x/-/linux-s390x-0.28.2.tgz", { "os": "linux", "cpu": "s390x" }, "sha512-3H1weTYZPxt/WOhByszQZybS9w5lKzUn1FDMsgEChbHWQwHYQQRfBxgCcZvPhjHfKyJjIievvMmEUawJrdY9Dg=="],

    "@esbuild/linux-x64": ["@esbuild/linux-x64@0.28.2", "https://europe-west4-npm.pkg.dev/lovable-core-prod/sandbox-npm-cache/@esbuild/linux-x64/-/linux-x64-0.28.2.tgz", { "os": "linux", "cpu": "x64" }, "sha512-4xTZr1FUmSoQW4XIWmit3tzQrUTZM+N3P0XV8xROKYF50XfI7xeO90+1bZvNwxIufQ9hDQVRJH5YhgPVF8A/HQ=="],

    "@esbuild/netbsd-arm64": ["@esbuild/netbsd-arm64@0.28.2", "https://europe-west4-npm.pkg.dev/lovable-core-prod/sandbox-npm-cache/@esbuild/netbsd-arm64/-/netbsd-arm64-0.28.2.tgz", { "os": "none", "cpu": "arm64" }, "sha512-sSATRjPeDBg3pdgHoQfoYBob11Kk1FGa9lui5RIHZCoCkJa9QKlvl3/vKz2usCmYYjs7ymJR/2Nnsqe+Hjt5nw=="],

    "@esbuild/netbsd-x64": ["@esbuild/netbsd-x64@0.28.2", "https://europe-west4-npm.pkg.dev/lovable-core-prod/sandbox-npm-cache/@esbuild/netbsd-x64/-/netbsd-x64-0.28.2.tgz", { "os": "none", "cpu": "x64" }, "sha512-lqnzCV+mM0gIADaKihiCg6ifgfU2L3h5E33rNQBN1Y4MaVGnzryzmvvf7UHxprpQdE8hpqLolJ9Rl+SkIRDpyw=="],

    "@esbuild/openbsd-arm64": ["@esbuild/openbsd-arm64@0.28.2", "https://europe-west4-npm.pkg.dev/lovable-core-prod/sandbox-npm-cache/@esbuild/openbsd-arm64/-/openbsd-arm64-0.28.2.tgz", { "os": "openbsd", "cpu": "arm64" }, "sha512-AL2qJILH7lNjrDmCQDvdxMfAUIv8KMNZOvrwAQ8i8//ntL9FflhOyMJ8OZSMBb8/AWXe3/5v5S20y3zCoZWKoQ=="],

    "@esbuild/openbsd-x64": ["@esbuild/openbsd-x64@0.28.2", "https://europe-west4-npm.pkg.dev/lovable-core-prod/sandbox-npm-cache/@esbuild/openbsd-x64/-/openbsd-x64-0.28.2.tgz", { "os": "openbsd", "cpu": "x64" }, "sha512-QtiuPytchRyC4rwUKhexJdQKvDuZ6hWloi3igqPQNUJCS1/v9EiO3UTOXR6A3FoMo4fnAKbWJdqaIwhOzh8qEw=="],

    "@esbuild/openharmony-arm64": ["@esbuild/openharmony-arm64@0.28.2", "https://europe-west4-npm.pkg.dev/lovable-core-prod/sandbox-npm-cache/@esbuild/openharmony-arm64/-/openharmony-arm64-0.28.2.tgz", { "os": "none", "cpu": "arm64" }, "sha512-WkhYDmpTjLvGlScA1rwjRUmhl4k8oXR3cIbtqWmELgU/dFeHHlEllxDvdWcNJV9rbzCexB5vz8gtNewWLgCT7Q=="],

    "@esbuild/sunos-x64": ["@esbuild/sunos-x64@0.28.2", "https://europe-west4-npm.pkg.dev/lovable-core-prod/sandbox-npm-cache/@esbuild/sunos-x64/-/sunos-x64-0.28.2.tgz", { "os": "sunos", "cpu": "x64" }, "sha512-GPMSkTOtMnv2U2F8gxe4Io6qmVs+YKyp832Etqqxr0hFngmXQ3rzwytelm3GIn7T4VviRUlf3sOgBOiTdvaf7g=="],

    "@esbuild/win32-arm64": ["@esbuild/win32-arm64@0.28.2", "https://europe-west4-npm.pkg.dev/lovable-core-prod/sandbox-npm-cache/@esbuild/win32-arm64/-/win32-arm64-0.28.2.tgz", { "os": "win32", "cpu": "arm64" }, "sha512-PIhhEkE9uPBleRBrQEJpUn7MBnibZzbGzYWPmY3x+YoVg/95zbjB4CxPPOQ8l5tYYM4mMaCthF8/1DIfBQQyWQ=="],

    "@esbuild/win32-ia32": ["@esbuild/win32-ia32@0.28.2", "https://europe-west4-npm.pkg.dev/lovable-core-prod/sandbox-npm-cache/@esbuild/win32-ia32/-/win32-ia32-0.28.2.tgz", { "os": "win32", "cpu": "ia32" }, "sha512-YmJbfTlvU7Sdn9BB+4PRES4oB6pxgS37MAONj+hBr/cpXS1aBPKXxNnDbu+QCWPj0o9dgyxeq79g6c5P8KeuYA=="],

    "@esbuild/win32-x64": ["@esbuild/win32-x64@0.28.2", "https://europe-west4-npm.pkg.dev/lovable-core-prod/sandbox-npm-cache/@esbuild/win32-x64/-/win32-x64-0.28.2.tgz", { "os": "win32", "cpu": "x64" }, "sha512-5ebpxr3nWMzrL/rnUI755Jkuee0bHL/Gq0WTF9lvcpv73wAp5eu8MfBUgWK9bhWvZjj7yX8etf/8tI8Ney695g=="],

    "@exodus/bytes": ["@exodus/bytes@1.15.1", "https://europe-west4-npm.pkg.dev/lovable-core-prod/sandbox-npm-cache/@exodus/bytes/-/bytes-1.15.1.tgz", { "peerDependencies": { "@noble/hashes": "^1.8.0 || ^2.0.0" }, "optionalPeers": ["@noble/hashes"] }, "sha512-S6mL0yNB/Abt9Ei4tq8gDhcczc4S3+vQ4ra7vxnAf+YHC02srtqxKKZghx2Dq6p0e66THKwR6r8N6P95wEty7Q=="],

    "acorn": ["acorn@8.18.0", "https://europe-west4-npm.pkg.dev/lovable-core-prod/sandbox-npm-cache/acorn/-/acorn-8.18.0.tgz", { "bin": { "acorn": "bin/acorn" } }, "sha512-lGq+9yr1/GuAWaVYIHRjvvySG5/4VfKIvC8EWxStPdcDh/Ka7FG3twP6v4d5BkravUilhIAsG4Qj83t02LWUPQ=="],

    "bidi-js": ["bidi-js@1.0.3", "https://europe-west4-npm.pkg.dev/lovable-core-prod/sandbox-npm-cache/bidi-js/-/bidi-js-1.0.3.tgz", { "dependencies": { "require-from-string": "^2.0.2" } }, "sha512-RKshQI1R3YQ+n9YJz2QQ147P66ELpa1FQEg20Dk8oW9t2KgLbpDLLp9aGZ7y8WHSshDknG0bknqGw5/tyCs5tw=="],

    "css-tree": ["css-tree@3.2.1", "https://europe-west4-npm.pkg.dev/lovable-core-prod/sandbox-npm-cache/css-tree/-/css-tree-3.2.1.tgz", { "dependencies": { "mdn-data": "2.27.1", "source-map-js": "^1.2.1" } }, "sha512-X7sjQzceUhu1u7Y/ylrRZFU2FS6LRiFVp6rKLPg23y3x3c3DOKAwuXGDp+PAGjh6CSnCjYeAul8pcT8bAl+lSA=="],

    "data-urls": ["data-urls@7.0.0", "https://europe-west4-npm.pkg.dev/lovable-core-prod/sandbox-npm-cache/data-urls/-/data-urls-7.0.0.tgz", { "dependencies": { "whatwg-mimetype": "^5.0.0", "whatwg-url": "^16.0.0" } }, "sha512-23XHcCF+coGYevirZceTVD7NdJOqVn+49IHyxgszm+JIiHLoB2TkmPtsYkNWT1pvRSGkc35L6NHs0yHkN2SumA=="],

    "decimal.js": ["decimal.js@10.6.0", "https://europe-west4-npm.pkg.dev/lovable-core-prod/sandbox-npm-cache/decimal.js/-/decimal.js-10.6.0.tgz", {}, "sha512-YpgQiITW3JXGntzdUmyUR1V812Hn8T1YVXhCu+wO3OpS4eU9l4YdD3qjyiKdV6mvV29zapkMeD390UVEf2lkUg=="],

    "entities": ["entities@8.0.0", "https://europe-west4-npm.pkg.dev/lovable-core-prod/sandbox-npm-cache/entities/-/entities-8.0.0.tgz", {}, "sha512-zwfzJecQ/Uej6tusMqwAqU/6KL2XaB2VZ2Jg54Je6ahNBGNH6Ek6g3jjNCF0fG9EWQKGZNddNjU5F1ZQn/sBnA=="],

    "esbuild": ["esbuild@0.28.2", "https://europe-west4-npm.pkg.dev/lovable-core-prod/sandbox-npm-cache/esbuild/-/esbuild-0.28.2.tgz", { "optionalDependencies": { "@esbuild/aix-ppc64": "0.28.2", "@esbuild/android-arm": "0.28.2", "@esbuild/android-arm64": "0.28.2", "@esbuild/android-x64": "0.28.2", "@esbuild/darwin-arm64": "0.28.2", "@esbuild/darwin-x64": "0.28.2", "@esbuild/freebsd-arm64": "0.28.2", "@esbuild/freebsd-x64": "0.28.2", "@esbuild/linux-arm": "0.28.2", "@esbuild/linux-arm64": "0.28.2", "@esbuild/linux-ia32": "0.28.2", "@esbuild/linux-loong64": "0.28.2", "@esbuild/linux-mips64el": "0.28.2", "@esbuild/linux-ppc64": "0.28.2", "@esbuild/linux-riscv64": "0.28.2", "@esbuild/linux-s390x": "0.28.2", "@esbuild/linux-x64": "0.28.2", "@esbuild/netbsd-arm64": "0.28.2", "@esbuild/netbsd-x64": "0.28.2", "@esbuild/openbsd-arm64": "0.28.2", "@esbuild/openbsd-x64": "0.28.2", "@esbuild/openharmony-arm64": "0.28.2", "@esbuild/sunos-x64": "0.28.2", "@esbuild/win32-arm64": "0.28.2", "@esbuild/win32-ia32": "0.28.2", "@esbuild/win32-x64": "0.28.2" }, "bin": { "esbuild": "bin/esbuild" } }, "sha512-HKVLS8dvII+xoKW9kmqxbRKrnWEXfJJr/FZhhJmiqIB0e053QNYFqOBouTMO/k5sID4MvCiUCvv8b9M4h32wIA=="],

    "html-encoding-sniffer": ["html-encoding-sniffer@6.0.0", "https://europe-west4-npm.pkg.dev/lovable-core-prod/sandbox-npm-cache/html-encoding-sniffer/-/html-encoding-sniffer-6.0.0.tgz", { "dependencies": { "@exodus/bytes": "^1.6.0" } }, "sha512-CV9TW3Y3f8/wT0BRFc1/KAVQ3TUHiXmaAb6VW9vtiMFf7SLoMd1PdAc4W3KFOFETBJUb90KatHqlsZMWV+R9Gg=="],

    "is-potential-custom-element-name": ["is-potential-custom-element-name@1.0.1", "https://europe-west4-npm.pkg.dev/lovable-core-prod/sandbox-npm-cache/is-potential-custom-element-name/-/is-potential-custom-element-name-1.0.1.tgz", {}, "sha512-bCYeRA2rVibKZd+s2625gGnGF/t7DSqDs4dP7CrLA1m7jKWz6pps0LpYLJN8Q64HtmPKJ1hrN3nzPNKFEKOUiQ=="],

    "jsdom": ["jsdom@29.1.1", "https://europe-west4-npm.pkg.dev/lovable-core-prod/sandbox-npm-cache/jsdom/-/jsdom-29.1.1.tgz", { "dependencies": { "@asamuzakjp/css-color": "^5.1.11", "@asamuzakjp/dom-selector": "^7.1.1", "@bramus/specificity": "^2.4.2", "@csstools/css-syntax-patches-for-csstree": "^1.1.3", "@exodus/bytes": "^1.15.0", "css-tree": "^3.2.1", "data-urls": "^7.0.0", "decimal.js": "^10.6.0", "html-encoding-sniffer": "^6.0.0", "is-potential-custom-element-name": "^1.0.1", "lru-cache": "^11.3.5", "parse5": "^8.0.1", "saxes": "^6.0.0", "symbol-tree": "^3.2.4", "tough-cookie": "^6.0.1", "undici": "^7.25.0", "w3c-xmlserializer": "^5.0.0", "webidl-conversions": "^8.0.1", "whatwg-mimetype": "^5.0.0", "whatwg-url": "^16.0.1", "xml-name-validator": "^5.0.0" }, "peerDependencies": { "canvas": "^3.0.0" }, "optionalPeers": ["canvas"] }, "sha512-ECi4Fi2f7BdJtUKTflYRTiaMxIB0O6zfR1fX0GXpUrf6flp8QIYn1UT20YQqdSOfk2dfkCwS8LAFoJDEppNK5Q=="],

    "lru-cache": ["lru-cache@11.5.2", "https://europe-west4-npm.pkg.dev/lovable-core-prod/sandbox-npm-cache/lru-cache/-/lru-cache-11.5.2.tgz", {}, "sha512-4pfM1Ff0x50o0tQwb5ucw/RzNyD0/YJME6IVcStalZuMWxdt3sR3huStTtxz4PUmvZfRguvDejasvQ2kifR11g=="],

    "mdn-data": ["mdn-data@2.27.1", "https://europe-west4-npm.pkg.dev/lovable-core-prod/sandbox-npm-cache/mdn-data/-/mdn-data-2.27.1.tgz", {}, "sha512-9Yubnt3e8A0OKwxYSXyhLymGW4sCufcLG6VdiDdUGVkPhpqLxlvP5vl1983gQjJl3tqbrM731mjaZaP68AgosQ=="],

    "parse5": ["parse5@8.0.1", "https://europe-west4-npm.pkg.dev/lovable-core-prod/sandbox-npm-cache/parse5/-/parse5-8.0.1.tgz", { "dependencies": { "entities": "^8.0.0" } }, "sha512-z1e/HMG90obSGeidlli3hj7cbocou0/wa5HacvI3ASx34PecNjNQeaHNo5WIZpWofN9kgkqV1q5YvXe3F0FoPw=="],

    "punycode": ["punycode@2.3.1", "https://europe-west4-npm.pkg.dev/lovable-core-prod/sandbox-npm-cache/punycode/-/punycode-2.3.1.tgz", {}, "sha512-vYt7UD1U9Wg6138shLtLOvdAu+8DsC/ilFtEVHcH+wydcSpNE20AfSOduf6MkRFahL5FY7X1oU7nKVZFtfq8Fg=="],

    "require-from-string": ["require-from-string@2.0.2", "https://europe-west4-npm.pkg.dev/lovable-core-prod/sandbox-npm-cache/require-from-string/-/require-from-string-2.0.2.tgz", {}, "sha512-Xf0nWe6RseziFMu+Ap9biiUbmplq6S9/p+7w7YXP/JBHhrUDDUhwa+vANyubuqfZWTveU//DYVGsDG7RKL/vEw=="],

    "saxes": ["saxes@6.0.0", "https://europe-west4-npm.pkg.dev/lovable-core-prod/sandbox-npm-cache/saxes/-/saxes-6.0.0.tgz", { "dependencies": { "xmlchars": "^2.2.0" } }, "sha512-xAg7SOnEhrm5zI3puOOKyy1OMcMlIJZYNJY7xLBwSze0UjhPLnWfj2GF2EpT0jmzaJKIWKHLsaSSajf35bcYnA=="],

    "source-map-js": ["source-map-js@1.2.1", "https://europe-west4-npm.pkg.dev/lovable-core-prod/sandbox-npm-cache/source-map-js/-/source-map-js-1.2.1.tgz", {}, "sha512-UXWMKhLOwVKb728IUtQPXxfYU+usdybtUrK/8uGE8CQMvrhOpwvzDBwj0QhSL7MQc7vIsISBG8VQ8+IDQxpfQA=="],

    "symbol-tree": ["symbol-tree@3.2.4", "https://europe-west4-npm.pkg.dev/lovable-core-prod/sandbox-npm-cache/symbol-tree/-/symbol-tree-3.2.4.tgz", {}, "sha512-9QNk5KwDF+Bvz+PyObkmSYjI5ksVUYtjW7AU22r2NKcfLJcXp96hkDWU3+XndOsUb+AQ9QhfzfCT2O+CNWT5Tw=="],

    "tldts": ["tldts@7.4.10", "https://europe-west4-npm.pkg.dev/lovable-core-prod/sandbox-npm-cache/tldts/-/tldts-7.4.10.tgz", { "dependencies": { "tldts-core": "^7.4.10" }, "bin": { "tldts": "bin/cli.js" } }, "sha512-GgouD1B+sWwvkaEq8vXC15DjQitxbvs12oIXELpconwm+Tg3zfcEv4jgzq3vtKverDXsg3VI8aRgNL2Nra0Iog=="],

    "tldts-core": ["tldts-core@7.4.10", "https://europe-west4-npm.pkg.dev/lovable-core-prod/sandbox-npm-cache/tldts-core/-/tldts-core-7.4.10.tgz", {}, "sha512-KnQjp53ZekKgm/r3l+u8kJGGzYgrWdP8+Mql7a4vijh2WE0IrZWspQj/TpTxDho/YxO+AnOZnIjQcCD+q6iJsw=="],

    "tough-cookie": ["tough-cookie@6.0.2", "https://europe-west4-npm.pkg.dev/lovable-core-prod/sandbox-npm-cache/tough-cookie/-/tough-cookie-6.0.2.tgz", { "dependencies": { "tldts": "^7.0.5" } }, "sha512-exgYmnmL/sJpR3upZfXG5PoatXQii55xAiXGXzY+sROLZ/Y+SLcp9PgJNI9Vz37HpQ74WvDcLT8eqm+kV3FzrA=="],

    "tr46": ["tr46@6.0.0", "https://europe-west4-npm.pkg.dev/lovable-core-prod/sandbox-npm-cache/tr46/-/tr46-6.0.0.tgz", { "dependencies": { "punycode": "^2.3.1" } }, "sha512-bLVMLPtstlZ4iMQHpFHTR7GAGj2jxi8Dg0s2h2MafAE4uSWF98FC/3MomU51iQAMf8/qDUbKWf5GxuvvVcXEhw=="],

    "undici": ["undici@7.29.0", "https://europe-west4-npm.pkg.dev/lovable-core-prod/sandbox-npm-cache/undici/-/undici-7.29.0.tgz", {}, "sha512-IDxfleLmmbSskfWSUATiN1nfn2rDuvnMOqb5CWR92iIfojA0Ud+ulOAAEQ57LPr9rWmsreUyf5lwyao+7GNNVw=="],

    "w3c-xmlserializer": ["w3c-xmlserializer@5.0.0", "https://europe-west4-npm.pkg.dev/lovable-core-prod/sandbox-npm-cache/w3c-xmlserializer/-/w3c-xmlserializer-5.0.0.tgz", { "dependencies": { "xml-name-validator": "^5.0.0" } }, "sha512-o8qghlI8NZHU1lLPrpi2+Uq7abh4GGPpYANlalzWxyWteJOCsr/P+oPBA49TOLu5FTZO4d3F9MnWJfiMo4BkmA=="],

    "webidl-conversions": ["webidl-conversions@8.0.1", "https://europe-west4-npm.pkg.dev/lovable-core-prod/sandbox-npm-cache/webidl-conversions/-/webidl-conversions-8.0.1.tgz", {}, "sha512-BMhLD/Sw+GbJC21C/UgyaZX41nPt8bUTg+jWyDeg7e7YN4xOM05YPSIXceACnXVtqyEw/LMClUQMtMZ+PGGpqQ=="],

    "whatwg-mimetype": ["whatwg-mimetype@5.0.0", "https://europe-west4-npm.pkg.dev/lovable-core-prod/sandbox-npm-cache/whatwg-mimetype/-/whatwg-mimetype-5.0.0.tgz", {}, "sha512-sXcNcHOC51uPGF0P/D4NVtrkjSU2fNsm9iog4ZvZJsL3rjoDAzXZhkm2MWt1y+PUdggKAYVoMAIYcs78wJ51Cw=="],

    "whatwg-url": ["whatwg-url@16.0.1", "https://europe-west4-npm.pkg.dev/lovable-core-prod/sandbox-npm-cache/whatwg-url/-/whatwg-url-16.0.1.tgz", { "dependencies": { "@exodus/bytes": "^1.11.0", "tr46": "^6.0.0", "webidl-conversions": "^8.0.1" } }, "sha512-1to4zXBxmXHV3IiSSEInrreIlu02vUOvrhxJJH5vcxYTBDAx51cqZiKdyTxlecdKNSjj8EcxGBxNf6Vg+945gw=="],

    "xml-name-validator": ["xml-name-validator@5.0.0", "https://europe-west4-npm.pkg.dev/lovable-core-prod/sandbox-npm-cache/xml-name-validator/-/xml-name-validator-5.0.0.tgz", {}, "sha512-EvGK8EJ3DhaHfbRlETOWAS5pO9MZITeauHKJyb8wyajUfQUenkIg2MvLDTZ4T/TgIcm3HU0TFBgWWboAZ30UHg=="],

    "xmlchars": ["xmlchars@2.2.0", "https://europe-west4-npm.pkg.dev/lovable-core-prod/sandbox-npm-cache/xmlchars/-/xmlchars-2.2.0.tgz", {}, "sha512-JZnDKK8B0RCDw84FNdDAIpZK+JuJw+s7Lz8nksI7SIuU3UXJJslUthsi+uWBUYOwPFwW7W7PRLRfUKpxjtjFCw=="],
  }
}
